
Microsoft Visual Studio Solution File, Format Version 12.00
# Visual Studio Version 17
VisualStudioVersion = 17.5.002.0
MinimumVisualStudioVersion = 10.0.40219.1
Project("{9A19103F-16F7-4668-BE54-9A1E7A4F7556}") = "SistemaHospedagemDeHotel", "SistemaHospedagemDeHotel.csproj", "{C5C2A8BB-F3D4-4537-8427-EA6934194C71}"
EndProject
Global
	GlobalSection(SolutionConfigurationPlatforms) = preSolution
		Debug|Any CPU = Debug|Any CPU
		Release|Any CPU = Release|Any CPU
	EndGlobalSection
	GlobalSection(ProjectConfigurationPlatforms) = postSolution
		{C5C2A8BB-F3D4-4537-8427-EA6934194C71}.Debug|Any CPU.ActiveCfg = Debug|Any CPU
		{C5C2A8BB-F3D4-4537-8427-EA6934194C71}.Debug|Any CPU.Build.0 = Debug|Any CPU
		{C5C2A8BB-F3D4-4537-8427-EA6934194C71}.Release|Any CPU.ActiveCfg = Release|Any CPU
		{C5C2A8BB-F3D4-4537-8427-EA6934194C71}.Release|Any CPU.Build.0 = Release|Any CPU
	EndGlobalSection
	GlobalSection(SolutionProperties) = preSolution
		HideSolutionNode = FALSE
	EndGlobalSection
	GlobalSection(ExtensibilityGlobals) = postSolution
		SolutionGuid = {FF890C3F-ED45-4C87-B116-8F9E8703FB61}
	EndGlobalSection
EndGlobal
